
Microsoft Visual Studio Solution File, Format Version 12.00
# Visual Studio 15
VisualStudioVersion = 15.0.28010.2050
MinimumVisualStudioVersion = 10.0.40219.1
Project("{FAE04EC0-301F-11D3-BF4B-00C04F79EFBC}") = "Portfolio", "Portfolio\Portfolio.csproj", "{040B499C-4BBB-4C31-957C-08E67D61E7FF}"
EndProject
Global
	GlobalSection(SolutionConfigurationPlatforms) = preSolution
		Debug|Any CPU = Debug|Any CPU
		Release|Any CPU = Release|Any CPU
	EndGlobalSection
	GlobalSection(ProjectConfigurationPlatforms) = postSolution
		{040B499C-4BBB-4C31-957C-08E67D61E7FF}.Debug|Any CPU.ActiveCfg = Debug|Any CPU
		{040B499C-4BBB-4C31-957C-08E67D61E7FF}.Debug|Any CPU.Build.0 = Debug|Any CPU
		{040B499C-4BBB-4C31-957C-08E67D61E7FF}.Release|Any CPU.ActiveCfg = Release|Any CPU
		{040B499C-4BBB-4C31-957C-08E67D61E7FF}.Release|Any CPU.Build.0 = Release|Any CPU
	EndGlobalSection
	GlobalSection(SolutionProperties) = preSolution
		HideSolutionNode = FALSE
	EndGlobalSection
	GlobalSection(ExtensibilityGlobals) = postSolution
		SolutionGuid = {895992F7-3CFC-44F9-8CD3-E972DFE38BD1}
	EndGlobalSection
EndGlobal
